
Microsoft Visual Studio Solution File, Format Version 12.00
# Visual Studio 15
VisualStudioVersion = 15.0.27130.2010
MinimumVisualStudioVersion = 10.0.40219.1
Project("{FAE04EC0-301F-11D3-BF4B-00C04F79EFBC}") = "SimpleUi", "SimpleUi\SimpleUi.csproj", "{C56493BF-F4D3-4F06-93AE-D0F76CD81778}"
EndProject
Global
	GlobalSection(SolutionConfigurationPlatforms) = preSolution
		Debug|Any CPU = Debug|Any CPU
		Release|Any CPU = Release|Any CPU
	EndGlobalSection
	GlobalSection(ProjectConfigurationPlatforms) = postSolution
		{C56493BF-F4D3-4F06-93AE-D0F76CD81778}.Debug|Any CPU.ActiveCfg = Debug|Any CPU
		{C56493BF-F4D3-4F06-93AE-D0F76CD81778}.Debug|Any CPU.Build.0 = Debug|Any CPU
		{C56493BF-F4D3-4F06-93AE-D0F76CD81778}.Release|Any CPU.ActiveCfg = Release|Any CPU
		{C56493BF-F4D3-4F06-93AE-D0F76CD81778}.Release|Any CPU.Build.0 = Release|Any CPU
	EndGlobalSection
	GlobalSection(SolutionProperties) = preSolution
		HideSolutionNode = FALSE
	EndGlobalSection
	GlobalSection(ExtensibilityGlobals) = postSolution
		SolutionGuid = {ADCB1129-6376-4E00-A7F0-A86DDBF6D01B}
	EndGlobalSection
EndGlobal
